{
  "nodes": {
    "flake-utils": {
      "locked": {
        "lastModified": 1605370193,
        "narHash": "sha256-YyMTf3URDL/otKdKgtoMChu4vfVL3vCMkRqpGifhUn0=",
        "owner": "numtide",
        "repo": "flake-utils",
        "rev": "5021eac20303a61fafe17224c087f5519baed54d",
        "type": "github"
      },
      "original": {
        "owner": "numtide",
        "repo": "flake-utils",
        "type": "github"
      }
    },
    "nixpkgs": {
      "locked": {
        "lastModified": 1621986151,
        "narHash": "sha256-RRwF4zI8mmDw3GYCiJ2zDVEex3Q/Os39Rp6ysOec1zY=",
        "owner": "NixOS",
        "repo": "nixpkgs",
        "rev": "76ed24ceab9ec8b520f977a2803181f0c1d86b4d",
        "type": "github"
      },
      "original": {
        "owner": "NixOS",
        "ref": "nixos-20.09",
        "repo": "nixpkgs",
        "type": "github"
      }
    },
    "pyUTM": {
      "inputs": {
        "flake-utils": "flake-utils",
        "nixpkgs": "nixpkgs"
      },
      "locked": {
        "lastModified": 1622160184,
        "narHash": "sha256-CDV59kQAJaHmqff6qZ5hM0AOKPwG1Brh9yCUKWD9shM=",
        "owner": "umd-lhcb",
        "repo": "pyUTM",
        "rev": "8efa6f8fc4fdc2c19190ee20e9a393cee73df839",
        "type": "github"
      },
      "original": {
        "owner": "umd-lhcb",
        "repo": "pyUTM",
        "type": "github"
      }
    },
    "root": {
      "inputs": {
        "flake-utils": [
          "pyUTM",
          "flake-utils"
        ],
        "nixpkgs": [
          "pyUTM",
          "nixpkgs"
        ],
        "pyUTM": "pyUTM"
      }
    }
  },
  "root": "root",
  "version": 7
}
