{
  "nodes": {
    "flake-utils": {
      "locked": {
        "lastModified": 1614513358,
        "narHash": "sha256-LakhOx3S1dRjnh0b5Dg3mbZyH0ToC9I8Y2wKSkBaTzU=",
        "owner": "numtide",
        "repo": "flake-utils",
        "rev": "5466c5bbece17adaab2d82fae80b46e807611bf3",
        "type": "github"
      },
      "original": {
        "owner": "numtide",
        "repo": "flake-utils",
        "type": "github"
      }
    },
    "flake-utils_2": {
      "locked": {
        "lastModified": 1614513358,
        "narHash": "sha256-LakhOx3S1dRjnh0b5Dg3mbZyH0ToC9I8Y2wKSkBaTzU=",
        "owner": "numtide",
        "repo": "flake-utils",
        "rev": "5466c5bbece17adaab2d82fae80b46e807611bf3",
        "type": "github"
      },
      "original": {
        "owner": "numtide",
        "repo": "flake-utils",
        "type": "github"
      }
    },
    "nixpkgs": {
      "locked": {
        "lastModified": 1615373830,
        "narHash": "sha256-PxZCX08I7rEVxyGDIYFx7mHJ01WQi9+rdXhI/b/Q+FM=",
        "owner": "NixOS",
        "repo": "nixpkgs",
        "rev": "89a06218ca0b931ab872a9c99aa479285183d3c7",
        "type": "github"
      },
      "original": {
        "owner": "NixOS",
        "ref": "nixos-20.09",
        "repo": "nixpkgs",
        "type": "github"
      }
    },
    "nixpkgs_2": {
      "locked": {
        "lastModified": 1615373830,
        "narHash": "sha256-PxZCX08I7rEVxyGDIYFx7mHJ01WQi9+rdXhI/b/Q+FM=",
        "owner": "NixOS",
        "repo": "nixpkgs",
        "rev": "89a06218ca0b931ab872a9c99aa479285183d3c7",
        "type": "github"
      },
      "original": {
        "id": "nixpkgs",
        "type": "indirect"
      }
    },
    "pyUTM": {
      "inputs": {
        "flake-utils": "flake-utils_2",
        "nixpkgs": "nixpkgs_2"
      },
      "locked": {
        "lastModified": 1609108490,
        "narHash": "sha256-qN/Irt5LMLUHLYJ1H0VsGtzTPT1IAo4VZDQQYCZXTQs=",
        "owner": "umd-lhcb",
        "repo": "pyUTM",
        "rev": "53a9ac4c8019e3ccad4937b248848c7b96e82217",
        "type": "github"
      },
      "original": {
        "owner": "umd-lhcb",
        "repo": "pyUTM",
        "type": "github"
      }
    },
    "root": {
      "inputs": {
        "flake-utils": "flake-utils",
        "nixpkgs": "nixpkgs",
        "pyUTM": "pyUTM"
      }
    }
  },
  "root": "root",
  "version": 7
}
